
Microsoft Visual Studio Solution File, Format Version 12.00
# Visual Studio Version 17
VisualStudioVersion = 17.14.36717.8
MinimumVisualStudioVersion = 10.0.40219.1
Project("{FAE04EC0-301F-11D3-BF4B-00C04F79EFBC}") = "Sec_4_OOPs_Basics", "Sec_4_OOPs_Basics\Sec_4_OOPs_Basics.csproj", "{391E3ADC-FD43-4AD4-B5E2-3545CF60F6DE}"
EndProject
Project("{FAE04EC0-301F-11D3-BF4B-00C04F79EFBC}") = "ClassLibrary", "ClassLibrary\ClassLibrary.csproj", "{C6201799-0E02-4456-9836-576EC04D2978}"
EndProject
Global
	GlobalSection(SolutionConfigurationPlatforms) = preSolution
		Debug|Any CPU = Debug|Any CPU
		Release|Any CPU = Release|Any CPU
	EndGlobalSection
	GlobalSection(ProjectConfigurationPlatforms) = postSolution
		{391E3ADC-FD43-4AD4-B5E2-3545CF60F6DE}.Debug|Any CPU.ActiveCfg = Debug|Any CPU
		{391E3ADC-FD43-4AD4-B5E2-3545CF60F6DE}.Debug|Any CPU.Build.0 = Debug|Any CPU
		{391E3ADC-FD43-4AD4-B5E2-3545CF60F6DE}.Release|Any CPU.ActiveCfg = Release|Any CPU
		{391E3ADC-FD43-4AD4-B5E2-3545CF60F6DE}.Release|Any CPU.Build.0 = Release|Any CPU
		{C6201799-0E02-4456-9836-576EC04D2978}.Debug|Any CPU.ActiveCfg = Debug|Any CPU
		{C6201799-0E02-4456-9836-576EC04D2978}.Debug|Any CPU.Build.0 = Debug|Any CPU
		{C6201799-0E02-4456-9836-576EC04D2978}.Release|Any CPU.ActiveCfg = Release|Any CPU
		{C6201799-0E02-4456-9836-576EC04D2978}.Release|Any CPU.Build.0 = Release|Any CPU
	EndGlobalSection
	GlobalSection(SolutionProperties) = preSolution
		HideSolutionNode = FALSE
	EndGlobalSection
	GlobalSection(ExtensibilityGlobals) = postSolution
		SolutionGuid = {2F2B59B2-F1F4-4F0F-A7A0-C38F61972B5F}
	EndGlobalSection
EndGlobal
